
Microsoft Visual Studio Solution File, Format Version 12.00
# Visual Studio 15
VisualStudioVersion = 15.0.26730.3
MinimumVisualStudioVersion = 10.0.40219.1
Project("{FAE04EC0-301F-11D3-BF4B-00C04F79EFBC}") = "MyApp", "MyApp\MyApp.csproj", "{5F817400-1A3A-48DF-98A6-E7E5A3DC762F}"
EndProject
Project("{FAE04EC0-301F-11D3-BF4B-00C04F79EFBC}") = "MyApp.ServiceInterface", "MyApp.ServiceInterface\MyApp.ServiceInterface.csproj", "{5B8FFF01-1E0B-477D-9D7F-93016C128B23}"
EndProject
Project("{FAE04EC0-301F-11D3-BF4B-00C04F79EFBC}") = "MyApp.ServiceModel", "MyApp.ServiceModel\MyApp.ServiceModel.csproj", "{0127B6CA-1B79-46A6-8307-B36836D107F0}"
EndProject
Project("{FAE04EC0-301F-11D3-BF4B-00C04F79EFBC}") = "MyApp.Tests", "MyApp.Tests\MyApp.Tests.csproj", "{455EC1EF-134F-4CD4-9C78-E813E4E6D8F6}"
EndProject
Global
	GlobalSection(SolutionConfigurationPlatforms) = preSolution
		Debug|Any CPU = Debug|Any CPU
		Release|Any CPU = Release|Any CPU
	EndGlobalSection
	GlobalSection(ProjectConfigurationPlatforms) = postSolution
		{5F817400-1A3A-48DF-98A6-E7E5A3DC762F}.Debug|Any CPU.ActiveCfg = Debug|Any CPU
		{5F817400-1A3A-48DF-98A6-E7E5A3DC762F}.Debug|Any CPU.Build.0 = Debug|Any CPU
		{5F817400-1A3A-48DF-98A6-E7E5A3DC762F}.Release|Any CPU.ActiveCfg = Release|Any CPU
		{5F817400-1A3A-48DF-98A6-E7E5A3DC762F}.Release|Any CPU.Build.0 = Release|Any CPU
		{5B8FFF01-1E0B-477D-9D7F-93016C128B23}.Debug|Any CPU.ActiveCfg = Debug|Any CPU
		{5B8FFF01-1E0B-477D-9D7F-93016C128B23}.Debug|Any CPU.Build.0 = Debug|Any CPU
		{5B8FFF01-1E0B-477D-9D7F-93016C128B23}.Release|Any CPU.ActiveCfg = Release|Any CPU
		{5B8FFF01-1E0B-477D-9D7F-93016C128B23}.Release|Any CPU.Build.0 = Release|Any CPU
		{0127B6CA-1B79-46A6-8307-B36836D107F0}.Debug|Any CPU.ActiveCfg = Debug|Any CPU
		{0127B6CA-1B79-46A6-8307-B36836D107F0}.Debug|Any CPU.Build.0 = Debug|Any CPU
		{0127B6CA-1B79-46A6-8307-B36836D107F0}.Release|Any CPU.ActiveCfg = Release|Any CPU
		{0127B6CA-1B79-46A6-8307-B36836D107F0}.Release|Any CPU.Build.0 = Release|Any CPU
		{455EC1EF-134F-4CD4-9C78-E813E4E6D8F6}.Debug|Any CPU.ActiveCfg = Debug|Any CPU
		{455EC1EF-134F-4CD4-9C78-E813E4E6D8F6}.Debug|Any CPU.Build.0 = Debug|Any CPU
		{455EC1EF-134F-4CD4-9C78-E813E4E6D8F6}.Release|Any CPU.ActiveCfg = Release|Any CPU
		{455EC1EF-134F-4CD4-9C78-E813E4E6D8F6}.Release|Any CPU.Build.0 = Release|Any CPU
	EndGlobalSection
	GlobalSection(SolutionProperties) = preSolution
		HideSolutionNode = FALSE
	EndGlobalSection
	GlobalSection(ExtensibilityGlobals) = postSolution
		SolutionGuid = {02854F2A-8EF4-468E-80A3-CD64BBAF5D15}
	EndGlobalSection
EndGlobal
